
Microsoft Visual Studio Solution File, Format Version 12.00
# Visual Studio Version 17
VisualStudioVersion = 17.2.32616.157
MinimumVisualStudioVersion = 10.0.40219.1
Project("{FAE04EC0-301F-11D3-BF4B-00C04F79EFBC}") = "git4E", "git4E\git4E.csproj", "{54F05747-8280-462B-A7BA-310697980C62}"
EndProject
Global
	GlobalSection(SolutionConfigurationPlatforms) = preSolution
		Debug|Any CPU = Debug|Any CPU
		Release|Any CPU = Release|Any CPU
	EndGlobalSection
	GlobalSection(ProjectConfigurationPlatforms) = postSolution
		{54F05747-8280-462B-A7BA-310697980C62}.Debug|Any CPU.ActiveCfg = Debug|Any CPU
		{54F05747-8280-462B-A7BA-310697980C62}.Debug|Any CPU.Build.0 = Debug|Any CPU
		{54F05747-8280-462B-A7BA-310697980C62}.Release|Any CPU.ActiveCfg = Release|Any CPU
		{54F05747-8280-462B-A7BA-310697980C62}.Release|Any CPU.Build.0 = Release|Any CPU
	EndGlobalSection
	GlobalSection(SolutionProperties) = preSolution
		HideSolutionNode = FALSE
	EndGlobalSection
	GlobalSection(ExtensibilityGlobals) = postSolution
		SolutionGuid = {2016FCBE-23D2-44B4-8403-16B203148AFE}
	EndGlobalSection
EndGlobal
